
Microsoft Visual Studio Solution File, Format Version 12.00
# Visual Studio Express 15 for Windows Desktop
VisualStudioVersion = 15.0.28307.645
MinimumVisualStudioVersion = 10.0.40219.1
Project("{8BC9CEB8-8B4A-11D0-8D11-00A0C91BC942}") = "EmployDB", "EmployDB\EmployDB.vcxproj", "{CBCD2100-06C2-45A1-B736-CEE10DB309C5}"
EndProject
Project("{8BC9CEB8-8B4A-11D0-8D11-00A0C91BC942}") = "EmployDBTest", "EmployDBTest\EmployDBTest.vcxproj", "{C43868E3-614A-4CBF-8205-B806A37F4CA0}"
EndProject
Global
	GlobalSection(SolutionConfigurationPlatforms) = preSolution
		Debug|x64 = Debug|x64
		Debug|x86 = Debug|x86
		Release|x64 = Release|x64
		Release|x86 = Release|x86
	EndGlobalSection
	GlobalSection(ProjectConfigurationPlatforms) = postSolution
		{CBCD2100-06C2-45A1-B736-CEE10DB309C5}.Debug|x64.ActiveCfg = Debug|x64
		{CBCD2100-06C2-45A1-B736-CEE10DB309C5}.Debug|x64.Build.0 = Debug|x64
		{CBCD2100-06C2-45A1-B736-CEE10DB309C5}.Debug|x86.ActiveCfg = Debug|Win32
		{CBCD2100-06C2-45A1-B736-CEE10DB309C5}.Debug|x86.Build.0 = Debug|Win32
		{CBCD2100-06C2-45A1-B736-CEE10DB309C5}.Release|x64.ActiveCfg = Release|x64
		{CBCD2100-06C2-45A1-B736-CEE10DB309C5}.Release|x64.Build.0 = Release|x64
		{CBCD2100-06C2-45A1-B736-CEE10DB309C5}.Release|x86.ActiveCfg = Release|Win32
		{CBCD2100-06C2-45A1-B736-CEE10DB309C5}.Release|x86.Build.0 = Release|Win32
		{C43868E3-614A-4CBF-8205-B806A37F4CA0}.Debug|x64.ActiveCfg = Debug|x64
		{C43868E3-614A-4CBF-8205-B806A37F4CA0}.Debug|x64.Build.0 = Debug|x64
		{C43868E3-614A-4CBF-8205-B806A37F4CA0}.Debug|x86.ActiveCfg = Debug|Win32
		{C43868E3-614A-4CBF-8205-B806A37F4CA0}.Debug|x86.Build.0 = Debug|Win32
		{C43868E3-614A-4CBF-8205-B806A37F4CA0}.Release|x64.ActiveCfg = Release|x64
		{C43868E3-614A-4CBF-8205-B806A37F4CA0}.Release|x64.Build.0 = Release|x64
		{C43868E3-614A-4CBF-8205-B806A37F4CA0}.Release|x86.ActiveCfg = Release|Win32
		{C43868E3-614A-4CBF-8205-B806A37F4CA0}.Release|x86.Build.0 = Release|Win32
	EndGlobalSection
	GlobalSection(SolutionProperties) = preSolution
		HideSolutionNode = FALSE
	EndGlobalSection
	GlobalSection(ExtensibilityGlobals) = postSolution
		SolutionGuid = {DC7C5925-51C5-44F6-B538-1C9264C845E3}
	EndGlobalSection
EndGlobal
